// !$*UTF8*$!
{
	archiveVersion = 1;
	classes = {
	};
	objectVersion = 46;
	objects = {

/* Begin PBXBuildFile section */
		113011D416A10E75008A3718 /* UIKit.framework in Frameworks */ = {isa = PBXBuildFile; fileRef = 113011D316A10E75008A3718 /* UIKit.framework */; };
		113011D616A10E75008A3718 /* Foundation.framework in Frameworks */ = {isa = PBXBuildFile; fileRef = 113011D516A10E75008A3718 /* Foundation.framework */; };
		113011D816A10E75008A3718 /* CoreGraphics.framework in Frameworks */ = {isa = PBXBuildFile; fileRef = 113011D716A10E75008A3718 /* CoreGraphics.framework */; };
		113011DE16A10E75008A3718 /* InfoPlist.strings in Resources */ = {isa = PBXBuildFile; fileRef = 113011DC16A10E75008A3718 /* InfoPlist.strings */; };
		113011E016A10E75008A3718 /* main.m in Sources */ = {isa = PBXBuildFile; fileRef = 113011DF16A10E75008A3718 /* main.m */; };
		113011E416A10E75008A3718 /* AppDelegate.m in Sources */ = {isa = PBXBuildFile; fileRef = 113011E316A10E75008A3718 /* AppDelegate.m */; };
		113011E616A10E75008A3718 /* Default.png in Resources */ = {isa = PBXBuildFile; fileRef = 113011E516A10E75008A3718 /* Default.png */; };
		113011E816A10E75008A3718 /* Default@2x.png in Resources */ = {isa = PBXBuildFile; fileRef = 113011E716A10E75008A3718 /* Default@2x.png */; };
		113011EA16A10E75008A3718 /* Default-568h@2x.png in Resources */ = {isa = PBXBuildFile; fileRef = 113011E916A10E75008A3718 /* Default-568h@2x.png */; };
		113011ED16A10E75008A3718 /* MainStoryboard.storyboard in Resources */ = {isa = PBXBuildFile; fileRef = 113011EB16A10E75008A3718 /* MainStoryboard.storyboard */; };
		113011F816A10E75008A3718 /* SenTestingKit.framework in Frameworks */ = {isa = PBXBuildFile; fileRef = 113011F716A10E75008A3718 /* SenTestingKit.framework */; };
		113011F916A10E75008A3718 /* UIKit.framework in Frameworks */ = {isa = PBXBuildFile; fileRef = 113011D316A10E75008A3718 /* UIKit.framework */; };
		113011FA16A10E75008A3718 /* Foundation.framework in Frameworks */ = {isa = PBXBuildFile; fileRef = 113011D516A10E75008A3718 /* Foundation.framework */; };
		1130120216A10E75008A3718 /* InfoPlist.strings in Resources */ = {isa = PBXBuildFile; fileRef = 1130120016A10E75008A3718 /* InfoPlist.strings */; };
		1130120516A10E75008A3718 /* apnagentTests.m in Sources */ = {isa = PBXBuildFile; fileRef = 1130120416A10E75008A3718 /* apnagentTests.m */; };
		2800B36A16CE7E4500EF4E16 /* NotificationListVC.m in Sources */ = {isa = PBXBuildFile; fileRef = 2800B36916CE7E4500EF4E16 /* NotificationListVC.m */; };
		28E0AE621701956F008881E7 /* NotificationDetailsVC.m in Sources */ = {isa = PBXBuildFile; fileRef = 28E0AE611701956F008881E7 /* NotificationDetailsVC.m */; };
		47A7516317931ECF00BCD60D /* strongloop-logo.png in Resources */ = {isa = PBXBuildFile; fileRef = 47A7516217931ECF00BCD60D /* strongloop-logo.png */; };
		47A7516517931ED300BCD60D /* strongloop-logo-1.png in Resources */ = {isa = PBXBuildFile; fileRef = 47A7516417931ED300BCD60D /* strongloop-logo-1.png */; };
		47D7BF6318383C8C00786B93 /* Settings.plist in Resources */ = {isa = PBXBuildFile; fileRef = 47D7BF6218383C8C00786B93 /* Settings.plist */; };
		47F8E82C185B894E0088BB73 /* LoopBack.framework in Frameworks */ = {isa = PBXBuildFile; fileRef = 47F8E82B185B894E0088BB73 /* LoopBack.framework */; };
/* End PBXBuildFile section */

/* Begin PBXContainerItemProxy section */
		113011FB16A10E75008A3718 /* PBXContainerItemProxy */ = {
			isa = PBXContainerItemProxy;
			containerPortal = 113011C616A10E74008A3718 /* Project object */;
			proxyType = 1;
			remoteGlobalIDString = 113011CE16A10E74008A3718;
			remoteInfo = apnagent;
		};
/* End PBXContainerItemProxy section */

/* Begin PBXFileReference section */
		113011CF16A10E75008A3718 /* apnagent.app */ = {isa = PBXFileReference; explicitFileType = wrapper.application; includeInIndex = 0; path = apnagent.app; sourceTree = BUILT_PRODUCTS_DIR; };
		113011D316A10E75008A3718 /* UIKit.framework */ = {isa = PBXFileReference; lastKnownFileType = wrapper.framework; name = UIKit.framework; path = System/Library/Frameworks/UIKit.framework; sourceTree = SDKROOT; };
		113011D516A10E75008A3718 /* Foundation.framework */ = {isa = PBXFileReference; lastKnownFileType = wrapper.framework; name = Foundation.framework; path = System/Library/Frameworks/Foundation.framework; sourceTree = SDKROOT; };
		113011D716A10E75008A3718 /* CoreGraphics.framework */ = {isa = PBXFileReference; lastKnownFileType = wrapper.framework; name = CoreGraphics.framework; path = System/Library/Frameworks/CoreGraphics.framework; sourceTree = SDKROOT; };
		113011DB16A10E75008A3718 /* apnagent-Info.plist */ = {isa = PBXFileReference; lastKnownFileType = text.plist.xml; path = "apnagent-Info.plist"; sourceTree = "<group>"; };
		113011DD16A10E75008A3718 /* en */ = {isa = PBXFileReference; lastKnownFileType = text.plist.strings; name = en; path = en.lproj/InfoPlist.strings; sourceTree = "<group>"; };
		113011DF16A10E75008A3718 /* main.m */ = {isa = PBXFileReference; lastKnownFileType = sourcecode.c.objc; path = main.m; sourceTree = "<group>"; };
		113011E116A10E75008A3718 /* apnagent-Prefix.pch */ = {isa = PBXFileReference; lastKnownFileType = sourcecode.c.h; path = "apnagent-Prefix.pch"; sourceTree = "<group>"; };
		113011E216A10E75008A3718 /* AppDelegate.h */ = {isa = PBXFileReference; lastKnownFileType = sourcecode.c.h; path = AppDelegate.h; sourceTree = "<group>"; };
		113011E316A10E75008A3718 /* AppDelegate.m */ = {isa = PBXFileReference; lastKnownFileType = sourcecode.c.objc; path = AppDelegate.m; sourceTree = "<group>"; wrapsLines = 0; };
		113011E516A10E75008A3718 /* Default.png */ = {isa = PBXFileReference; lastKnownFileType = image.png; path = Default.png; sourceTree = "<group>"; };
		113011E716A10E75008A3718 /* Default@2x.png */ = {isa = PBXFileReference; lastKnownFileType = image.png; path = "Default@2x.png"; sourceTree = "<group>"; };
		113011E916A10E75008A3718 /* Default-568h@2x.png */ = {isa = PBXFileReference; lastKnownFileType = image.png; path = "Default-568h@2x.png"; sourceTree = "<group>"; };
		113011EC16A10E75008A3718 /* en */ = {isa = PBXFileReference; lastKnownFileType = file.storyboard; name = en; path = en.lproj/MainStoryboard.storyboard; sourceTree = "<group>"; };
		113011F616A10E75008A3718 /* apnagentTests.octest */ = {isa = PBXFileReference; explicitFileType = wrapper.cfbundle; includeInIndex = 0; path = apnagentTests.octest; sourceTree = BUILT_PRODUCTS_DIR; };
		113011F716A10E75008A3718 /* SenTestingKit.framework */ = {isa = PBXFileReference; lastKnownFileType = wrapper.framework; name = SenTestingKit.framework; path = Library/Frameworks/SenTestingKit.framework; sourceTree = DEVELOPER_DIR; };
		113011FF16A10E75008A3718 /* apnagentTests-Info.plist */ = {isa = PBXFileReference; lastKnownFileType = text.plist.xml; path = "apnagentTests-Info.plist"; sourceTree = "<group>"; };
		1130120116A10E75008A3718 /* en */ = {isa = PBXFileReference; lastKnownFileType = text.plist.strings; name = en; path = en.lproj/InfoPlist.strings; sourceTree = "<group>"; };
		1130120316A10E75008A3718 /* apnagentTests.h */ = {isa = PBXFileReference; lastKnownFileType = sourcecode.c.h; path = apnagentTests.h; sourceTree = "<group>"; };
		1130120416A10E75008A3718 /* apnagentTests.m */ = {isa = PBXFileReference; lastKnownFileType = sourcecode.c.objc; path = apnagentTests.m; sourceTree = "<group>"; };
		2800B36816CE7E4500EF4E16 /* NotificationListVC.h */ = {isa = PBXFileReference; fileEncoding = 4; lastKnownFileType = sourcecode.c.h; path = NotificationListVC.h; sourceTree = "<group>"; };
		2800B36916CE7E4500EF4E16 /* NotificationListVC.m */ = {isa = PBXFileReference; fileEncoding = 4; lastKnownFileType = sourcecode.c.objc; path = NotificationListVC.m; sourceTree = "<group>"; };
		28E0AE601701956F008881E7 /* NotificationDetailsVC.h */ = {isa = PBXFileReference; fileEncoding = 4; lastKnownFileType = sourcecode.c.h; path = NotificationDetailsVC.h; sourceTree = "<group>"; };
		28E0AE611701956F008881E7 /* NotificationDetailsVC.m */ = {isa = PBXFileReference; fileEncoding = 4; lastKnownFileType = sourcecode.c.objc; path = NotificationDetailsVC.m; sourceTree = "<group>"; };
		47A7516217931ECF00BCD60D /* strongloop-logo.png */ = {isa = PBXFileReference; lastKnownFileType = image.png; path = "strongloop-logo.png"; sourceTree = "<group>"; };
		47A7516417931ED300BCD60D /* strongloop-logo-1.png */ = {isa = PBXFileReference; lastKnownFileType = image.png; path = "strongloop-logo-1.png"; sourceTree = "<group>"; };
		47D7BF6218383C8C00786B93 /* Settings.plist */ = {isa = PBXFileReference; fileEncoding = 4; lastKnownFileType = text.plist.xml; path = Settings.plist; sourceTree = "<group>"; };
		47F8E82B185B894E0088BB73 /* LoopBack.framework */ = {isa = PBXFileReference; lastKnownFileType = wrapper.framework; name = LoopBack.framework; path = "../../../../../Library/Developer/Xcode/DerivedData/LoopBack-hfsxjzlaympvodehsrfsoyrfomsl/Build/Products/Debug-iphoneos/LoopBack.framework"; sourceTree = "<group>"; };
/* End PBXFileReference section */

/* Begin PBXFrameworksBuildPhase section */
		113011CC16A10E74008A3718 /* Frameworks */ = {
			isa = PBXFrameworksBuildPhase;
			buildActionMask = 2147483647;
			files = (
				47F8E82C185B894E0088BB73 /* LoopBack.framework in Frameworks */,
				113011D416A10E75008A3718 /* UIKit.framework in Frameworks */,
				113011D616A10E75008A3718 /* Foundation.framework in Frameworks */,
				113011D816A10E75008A3718 /* CoreGraphics.framework in Frameworks */,
			);
			runOnlyForDeploymentPostprocessing = 0;
		};
		113011F216A10E75008A3718 /* Frameworks */ = {
			isa = PBXFrameworksBuildPhase;
			buildActionMask = 2147483647;
			files = (
				113011F816A10E75008A3718 /* SenTestingKit.framework in Frameworks */,
				113011F916A10E75008A3718 /* UIKit.framework in Frameworks */,
				113011FA16A10E75008A3718 /* Foundation.framework in Frameworks */,
			);
			runOnlyForDeploymentPostprocessing = 0;
		};
/* End PBXFrameworksBuildPhase section */

/* Begin PBXGroup section */
		113011C416A10E74008A3718 = {
			isa = PBXGroup;
			children = (
				47A7516417931ED300BCD60D /* strongloop-logo-1.png */,
				47A7516217931ECF00BCD60D /* strongloop-logo.png */,
				113011D916A10E75008A3718 /* apnagent */,
				113011FD16A10E75008A3718 /* apnagentTests */,
				113011D216A10E75008A3718 /* Frameworks */,
				113011D016A10E75008A3718 /* Products */,
			);
			sourceTree = "<group>";
		};
		113011D016A10E75008A3718 /* Products */ = {
			isa = PBXGroup;
			children = (
				113011CF16A10E75008A3718 /* apnagent.app */,
				113011F616A10E75008A3718 /* apnagentTests.octest */,
			);
			name = Products;
			sourceTree = "<group>";
		};
		113011D216A10E75008A3718 /* Frameworks */ = {
			isa = PBXGroup;
			children = (
				47F8E82B185B894E0088BB73 /* LoopBack.framework */,
				113011D316A10E75008A3718 /* UIKit.framework */,
				113011D516A10E75008A3718 /* Foundation.framework */,
				113011D716A10E75008A3718 /* CoreGraphics.framework */,
				113011F716A10E75008A3718 /* SenTestingKit.framework */,
			);
			name = Frameworks;
			sourceTree = "<group>";
		};
		113011D916A10E75008A3718 /* apnagent */ = {
			isa = PBXGroup;
			children = (
				4730AC9E183FE82D00C1B3EA /* iPad */,
				113011E216A10E75008A3718 /* AppDelegate.h */,
				113011E316A10E75008A3718 /* AppDelegate.m */,
				2800B36816CE7E4500EF4E16 /* NotificationListVC.h */,
				2800B36916CE7E4500EF4E16 /* NotificationListVC.m */,
				28E0AE601701956F008881E7 /* NotificationDetailsVC.h */,
				28E0AE611701956F008881E7 /* NotificationDetailsVC.m */,
				113011EB16A10E75008A3718 /* MainStoryboard.storyboard */,
				113011DA16A10E75008A3718 /* Supporting Files */,
				47D7BF6218383C8C00786B93 /* Settings.plist */,
			);
			path = apnagent;
			sourceTree = "<group>";
		};
		113011DA16A10E75008A3718 /* Supporting Files */ = {
			isa = PBXGroup;
			children = (
				113011DB16A10E75008A3718 /* apnagent-Info.plist */,
				113011DC16A10E75008A3718 /* InfoPlist.strings */,
				113011DF16A10E75008A3718 /* main.m */,
				113011E116A10E75008A3718 /* apnagent-Prefix.pch */,
				113011E516A10E75008A3718 /* Default.png */,
				113011E716A10E75008A3718 /* Default@2x.png */,
				113011E916A10E75008A3718 /* Default-568h@2x.png */,
			);
			name = "Supporting Files";
			sourceTree = "<group>";
		};
		113011FD16A10E75008A3718 /* apnagentTests */ = {
			isa = PBXGroup;
			children = (
				1130120316A10E75008A3718 /* apnagentTests.h */,
				1130120416A10E75008A3718 /* apnagentTests.m */,
				113011FE16A10E75008A3718 /* Supporting Files */,
			);
			path = apnagentTests;
			sourceTree = "<group>";
		};
		113011FE16A10E75008A3718 /* Supporting Files */ = {
			isa = PBXGroup;
			children = (
				113011FF16A10E75008A3718 /* apnagentTests-Info.plist */,
				1130120016A10E75008A3718 /* InfoPlist.strings */,
			);
			name = "Supporting Files";
			sourceTree = "<group>";
		};
		4730AC9E183FE82D00C1B3EA /* iPad */ = {
			isa = PBXGroup;
			children = (
			);
			name = iPad;
			sourceTree = "<group>";
		};
/* End PBXGroup section */

/* Begin PBXNativeTarget section */
		113011CE16A10E74008A3718 /* apnagent */ = {
			isa = PBXNativeTarget;
			buildConfigurationList = 1130120816A10E75008A3718 /* Build configuration list for PBXNativeTarget "apnagent" */;
			buildPhases = (
				113011CB16A10E74008A3718 /* Sources */,
				113011CC16A10E74008A3718 /* Frameworks */,
				113011CD16A10E74008A3718 /* Resources */,
			);
			buildRules = (
			);
			dependencies = (
			);
			name = apnagent;
			productName = apnagent;
			productReference = 113011CF16A10E75008A3718 /* apnagent.app */;
			productType = "com.apple.product-type.application";
		};
		113011F516A10E75008A3718 /* apnagentTests */ = {
			isa = PBXNativeTarget;
			buildConfigurationList = 1130120B16A10E75008A3718 /* Build configuration list for PBXNativeTarget "apnagentTests" */;
			buildPhases = (
				113011F116A10E75008A3718 /* Sources */,
				113011F216A10E75008A3718 /* Frameworks */,
				113011F316A10E75008A3718 /* Resources */,
				113011F416A10E75008A3718 /* ShellScript */,
			);
			buildRules = (
			);
			dependencies = (
				113011FC16A10E75008A3718 /* PBXTargetDependency */,
			);
			name = apnagentTests;
			productName = apnagentTests;
			productReference = 113011F616A10E75008A3718 /* apnagentTests.octest */;
			productType = "com.apple.product-type.bundle";
		};
/* End PBXNativeTarget section */

/* Begin PBXProject section */
		113011C616A10E74008A3718 /* Project object */ = {
			isa = PBXProject;
			attributes = {
				LastUpgradeCheck = 0450;
				ORGANIZATIONNAME = StrongLoop;
				TargetAttributes = {
					113011CE16A10E74008A3718 = {
						DevelopmentTeam = B6KXE3456M;
					};
				};
			};
			buildConfigurationList = 113011C916A10E74008A3718 /* Build configuration list for PBXProject "apnagent" */;
			compatibilityVersion = "Xcode 3.2";
			developmentRegion = English;
			hasScannedForEncodings = 0;
			knownRegions = (
				en,
			);
			mainGroup = 113011C416A10E74008A3718;
			productRefGroup = 113011D016A10E75008A3718 /* Products */;
			projectDirPath = "";
			projectRoot = "";
			targets = (
				113011CE16A10E74008A3718 /* apnagent */,
				113011F516A10E75008A3718 /* apnagentTests */,
			);
		};
/* End PBXProject section */

/* Begin PBXResourcesBuildPhase section */
		113011CD16A10E74008A3718 /* Resources */ = {
			isa = PBXResourcesBuildPhase;
			buildActionMask = 2147483647;
			files = (
				113011DE16A10E75008A3718 /* InfoPlist.strings in Resources */,
				47D7BF6318383C8C00786B93 /* Settings.plist in Resources */,
				113011E616A10E75008A3718 /* Default.png in Resources */,
				113011E816A10E75008A3718 /* Default@2x.png in Resources */,
				113011EA16A10E75008A3718 /* Default-568h@2x.png in Resources */,
				113011ED16A10E75008A3718 /* MainStoryboard.storyboard in Resources */,
				47A7516317931ECF00BCD60D /* strongloop-logo.png in Resources */,
				47A7516517931ED300BCD60D /* strongloop-logo-1.png in Resources */,
			);
			runOnlyForDeploymentPostprocessing = 0;
		};
		113011F316A10E75008A3718 /* Resources */ = {
			isa = PBXResourcesBuildPhase;
			buildActionMask = 2147483647;
			files = (
				1130120216A10E75008A3718 /* InfoPlist.strings in Resources */,
			);
			runOnlyForDeploymentPostprocessing = 0;
		};
/* End PBXResourcesBuildPhase section */

/* Begin PBXShellScriptBuildPhase section */
		113011F416A10E75008A3718 /* ShellScript */ = {
			isa = PBXShellScriptBuildPhase;
			buildActionMask = 2147483647;
			files = (
			);
			inputPaths = (
			);
			outputPaths = (
			);
			runOnlyForDeploymentPostprocessing = 0;
			shellPath = /bin/sh;
			shellScript = "# Run the unit tests in this test bundle.\n\"${SYSTEM_DEVELOPER_DIR}/Tools/RunUnitTests\"\n";
		};
/* End PBXShellScriptBuildPhase section */

/* Begin PBXSourcesBuildPhase section */
		113011CB16A10E74008A3718 /* Sources */ = {
			isa = PBXSourcesBuildPhase;
			buildActionMask = 2147483647;
			files = (
				113011E016A10E75008A3718 /* main.m in Sources */,
				113011E416A10E75008A3718 /* AppDelegate.m in Sources */,
				2800B36A16CE7E4500EF4E16 /* NotificationListVC.m in Sources */,
				28E0AE621701956F008881E7 /* NotificationDetailsVC.m in Sources */,
			);
			runOnlyForDeploymentPostprocessing = 0;
		};
		113011F116A10E75008A3718 /* Sources */ = {
			isa = PBXSourcesBuildPhase;
			buildActionMask = 2147483647;
			files = (
				1130120516A10E75008A3718 /* apnagentTests.m in Sources */,
			);
			runOnlyForDeploymentPostprocessing = 0;
		};
/* End PBXSourcesBuildPhase section */

/* Begin PBXTargetDependency section */
		113011FC16A10E75008A3718 /* PBXTargetDependency */ = {
			isa = PBXTargetDependency;
			target = 113011CE16A10E74008A3718 /* apnagent */;
			targetProxy = 113011FB16A10E75008A3718 /* PBXContainerItemProxy */;
		};
/* End PBXTargetDependency section */

/* Begin PBXVariantGroup section */
		113011DC16A10E75008A3718 /* InfoPlist.strings */ = {
			isa = PBXVariantGroup;
			children = (
				113011DD16A10E75008A3718 /* en */,
			);
			name = InfoPlist.strings;
			sourceTree = "<group>";
		};
		113011EB16A10E75008A3718 /* MainStoryboard.storyboard */ = {
			isa = PBXVariantGroup;
			children = (
				113011EC16A10E75008A3718 /* en */,
			);
			name = MainStoryboard.storyboard;
			sourceTree = "<group>";
		};
		1130120016A10E75008A3718 /* InfoPlist.strings */ = {
			isa = PBXVariantGroup;
			children = (
				1130120116A10E75008A3718 /* en */,
			);
			name = InfoPlist.strings;
			sourceTree = "<group>";
		};
/* End PBXVariantGroup section */

/* Begin XCBuildConfiguration section */
		1130120616A10E75008A3718 /* Debug */ = {
			isa = XCBuildConfiguration;
			buildSettings = {
				ALWAYS_SEARCH_USER_PATHS = NO;
				BUNDLE_ID = com.strongloop.loopback.demo.push;
				CLANG_CXX_LANGUAGE_STANDARD = "gnu++0x";
				CLANG_CXX_LIBRARY = "libc++";
				CLANG_ENABLE_OBJC_ARC = YES;
				CLANG_WARN_EMPTY_BODY = YES;
				CLANG_WARN__DUPLICATE_METHOD_MATCH = YES;
				CODE_SIGN_IDENTITY = "iPhone Developer: Zhaohui Feng (47BPSETU9S)";
				"CODE_SIGN_IDENTITY[sdk=iphoneos*]" = "iPhone Developer";
				COPY_PHASE_STRIP = NO;
				GCC_C_LANGUAGE_STANDARD = gnu99;
				GCC_DYNAMIC_NO_PIC = NO;
				GCC_OPTIMIZATION_LEVEL = 0;
				GCC_PREPROCESSOR_DEFINITIONS = (
					"DEBUG=1",
					"$(inherited)",
				);
				GCC_SYMBOLS_PRIVATE_EXTERN = NO;
				GCC_WARN_ABOUT_RETURN_TYPE = YES;
				GCC_WARN_UNINITIALIZED_AUTOS = YES;
				GCC_WARN_UNUSED_VARIABLE = YES;
				IPHONEOS_DEPLOYMENT_TARGET = 6.0;
				ONLY_ACTIVE_ARCH = YES;
				PROVISIONING_PROFILE = "8965589E-1717-47E2-ABE3-CD930C376D68";
				"PROVISIONING_PROFILE[sdk=iphoneos*]" = "";
				SDKROOT = iphoneos;
			};
			name = Debug;
		};
		1130120716A10E75008A3718 /* Release */ = {
			isa = XCBuildConfiguration;
			buildSettings = {
				ALWAYS_SEARCH_USER_PATHS = NO;
				BUNDLE_ID = com.strongloop.loopback.demo.push;
				CLANG_CXX_LANGUAGE_STANDARD = "gnu++0x";
				CLANG_CXX_LIBRARY = "libc++";
				CLANG_ENABLE_OBJC_ARC = YES;
				CLANG_WARN_EMPTY_BODY = YES;
				CLANG_WARN__DUPLICATE_METHOD_MATCH = YES;
				CODE_SIGN_IDENTITY = "iPhone Developer: Zhaohui Feng (47BPSETU9S)";
				"CODE_SIGN_IDENTITY[sdk=iphoneos*]" = "iPhone Developer";
				COPY_PHASE_STRIP = YES;
				GCC_C_LANGUAGE_STANDARD = gnu99;
				GCC_WARN_ABOUT_RETURN_TYPE = YES;
				GCC_WARN_UNINITIALIZED_AUTOS = YES;
				GCC_WARN_UNUSED_VARIABLE = YES;
				IPHONEOS_DEPLOYMENT_TARGET = 6.0;
				OTHER_CFLAGS = "-DNS_BLOCK_ASSERTIONS=1";
				PROVISIONING_PROFILE = "8965589E-1717-47E2-ABE3-CD930C376D68";
				SDKROOT = iphoneos;
				VALIDATE_PRODUCT = YES;
			};
			name = Release;
		};
		1130120916A10E75008A3718 /* Debug */ = {
			isa = XCBuildConfiguration;
			buildSettings = {
				ARCHS = "$(ARCHS_STANDARD_INCLUDING_64_BIT)";
				BUNDLE_ID = com.strongloop.loopback.demo.push;
				CODE_SIGN_IDENTITY = "iPhone Developer";
				"CODE_SIGN_IDENTITY[sdk=iphoneos*]" = "iPhone Developer";
				FRAMEWORK_SEARCH_PATHS = (
					"$(inherited)",
					/Users/rfeng/Tools,
					"$(USER_LIBRARY_DIR)/Developer/Xcode/DerivedData/LoopBack-hfsxjzlaympvodehsrfsoyrfomsl/Build/Products/Debug-iphoneos",
				);
				GCC_PRECOMPILE_PREFIX_HEADER = YES;
				GCC_PREFIX_HEADER = "apnagent/apnagent-Prefix.pch";
				INFOPLIST_FILE = "apnagent/apnagent-Info.plist";
				IPHONEOS_DEPLOYMENT_TARGET = 6.0;
				PRODUCT_NAME = "$(TARGET_NAME)";
				PROVISIONING_PROFILE = "";
				"PROVISIONING_PROFILE[sdk=iphoneos*]" = "";
				TARGETED_DEVICE_FAMILY = "1,2";
				WRAPPER_EXTENSION = app;
			};
			name = Debug;
		};
		1130120A16A10E75008A3718 /* Release */ = {
			isa = XCBuildConfiguration;
			buildSettings = {
				ARCHS = "$(ARCHS_STANDARD_INCLUDING_64_BIT)";
				BUNDLE_ID = com.strongloop.loopback.demo.push;
				CODE_SIGN_IDENTITY = "iPhone Developer";
				"CODE_SIGN_IDENTITY[sdk=iphoneos*]" = "iPhone Developer";
				FRAMEWORK_SEARCH_PATHS = (
					"$(inherited)",
					/Users/rfeng/Tools,
					"$(USER_LIBRARY_DIR)/Developer/Xcode/DerivedData/LoopBack-hfsxjzlaympvodehsrfsoyrfomsl/Build/Products/Debug-iphoneos",
				);
				GCC_PRECOMPILE_PREFIX_HEADER = YES;
				GCC_PREFIX_HEADER = "apnagent/apnagent-Prefix.pch";
				INFOPLIST_FILE = "apnagent/apnagent-Info.plist";
				IPHONEOS_DEPLOYMENT_TARGET = 6.0;
				PRODUCT_NAME = "$(TARGET_NAME)";
				PROVISIONING_PROFILE = "";
				"PROVISIONING_PROFILE[sdk=iphoneos*]" = "";
				TARGETED_DEVICE_FAMILY = "1,2";
				WRAPPER_EXTENSION = app;
			};
			name = Release;
		};
		1130120C16A10E75008A3718 /* Debug */ = {
			isa = XCBuildConfiguration;
			buildSettings = {
				BUNDLE_ID = com.strongloop.loopback.demo.push;
				BUNDLE_LOADER = "$(BUILT_PRODUCTS_DIR)/apnagent.app/apnagent";
				FRAMEWORK_SEARCH_PATHS = (
					"\"$(SDKROOT)/Developer/Library/Frameworks\"",
					"\"$(DEVELOPER_LIBRARY_DIR)/Frameworks\"",
				);
				GCC_PRECOMPILE_PREFIX_HEADER = YES;
				GCC_PREFIX_HEADER = "apnagent/apnagent-Prefix.pch";
				INFOPLIST_FILE = "apnagentTests/apnagentTests-Info.plist";
				PRODUCT_NAME = "$(TARGET_NAME)";
				TEST_HOST = "$(BUNDLE_LOADER)";
				WRAPPER_EXTENSION = octest;
			};
			name = Debug;
		};
		1130120D16A10E75008A3718 /* Release */ = {
			isa = XCBuildConfiguration;
			buildSettings = {
				BUNDLE_ID = com.strongloop.loopback.demo.push;
				BUNDLE_LOADER = "$(BUILT_PRODUCTS_DIR)/apnagent.app/apnagent";
				FRAMEWORK_SEARCH_PATHS = (
					"\"$(SDKROOT)/Developer/Library/Frameworks\"",
					"\"$(DEVELOPER_LIBRARY_DIR)/Frameworks\"",
				);
				GCC_PRECOMPILE_PREFIX_HEADER = YES;
				GCC_PREFIX_HEADER = "apnagent/apnagent-Prefix.pch";
				INFOPLIST_FILE = "apnagentTests/apnagentTests-Info.plist";
				PRODUCT_NAME = "$(TARGET_NAME)";
				TEST_HOST = "$(BUNDLE_LOADER)";
				WRAPPER_EXTENSION = octest;
			};
			name = Release;
		};
/* End XCBuildConfiguration section */

/* Begin XCConfigurationList section */
		113011C916A10E74008A3718 /* Build configuration list for PBXProject "apnagent" */ = {
			isa = XCConfigurationList;
			buildConfigurations = (
				1130120616A10E75008A3718 /* Debug */,
				1130120716A10E75008A3718 /* Release */,
			);
			defaultConfigurationIsVisible = 0;
			defaultConfigurationName = Release;
		};
		1130120816A10E75008A3718 /* Build configuration list for PBXNativeTarget "apnagent" */ = {
			isa = XCConfigurationList;
			buildConfigurations = (
				1130120916A10E75008A3718 /* Debug */,
				1130120A16A10E75008A3718 /* Release */,
			);
			defaultConfigurationIsVisible = 0;
			defaultConfigurationName = Release;
		};
		1130120B16A10E75008A3718 /* Build configuration list for PBXNativeTarget "apnagentTests" */ = {
			isa = XCConfigurationList;
			buildConfigurations = (
				1130120C16A10E75008A3718 /* Debug */,
				1130120D16A10E75008A3718 /* Release */,
			);
			defaultConfigurationIsVisible = 0;
			defaultConfigurationName = Release;
		};
/* End XCConfigurationList section */
	};
	rootObject = 113011C616A10E74008A3718 /* Project object */;
}
